// !$*UTF8*$!
{
	archiveVersion = 1;
	classes = {
	};
	objectVersion = 46;
	objects = {

/* Begin PBXBuildFile section */
		962B1EC01E383DAA006FE2BD /* main.swift in Sources */ = {isa = PBXBuildFile; fileRef = 962B1EBF1E383DAA006FE2BD /* main.swift */; };
		962EB7AD1E3CF78D00DD74AC /* ProgramOptions.swift in Sources */ = {isa = PBXBuildFile; fileRef = 962EB7AC1E3CF78D00DD74AC /* ProgramOptions.swift */; };
/* End PBXBuildFile section */

/* Begin PBXCopyFilesBuildPhase section */
		962B1EBA1E383DA3006FE2BD /* CopyFiles */ = {
			isa = PBXCopyFilesBuildPhase;
			buildActionMask = 2147483647;
			dstPath = /usr/share/man/man1/;
			dstSubfolderSpec = 0;
			files = (
			);
			runOnlyForDeploymentPostprocessing = 1;
		};
/* End PBXCopyFilesBuildPhase section */

/* Begin PBXFileReference section */
		962B1EBC1E383DA9006FE2BD /* spell */ = {isa = PBXFileReference; explicitFileType = "compiled.mach-o.executable"; includeInIndex = 0; path = spell; sourceTree = BUILT_PRODUCTS_DIR; };
		962B1EBF1E383DAA006FE2BD /* main.swift */ = {isa = PBXFileReference; lastKnownFileType = sourcecode.swift; path = main.swift; sourceTree = "<group>"; };
		962EB7AC1E3CF78D00DD74AC /* ProgramOptions.swift */ = {isa = PBXFileReference; fileEncoding = 4; lastKnownFileType = sourcecode.swift; path = ProgramOptions.swift; sourceTree = "<group>"; };
/* End PBXFileReference section */

/* Begin PBXFrameworksBuildPhase section */
		962B1EB91E383DA3006FE2BD /* Frameworks */ = {
			isa = PBXFrameworksBuildPhase;
			buildActionMask = 2147483647;
			files = (
			);
			runOnlyForDeploymentPostprocessing = 0;
		};
/* End PBXFrameworksBuildPhase section */

/* Begin PBXGroup section */
		962B1EB31E383DA1006FE2BD = {
			isa = PBXGroup;
			children = (
				962B1EBE1E383DA9006FE2BD /* spell */,
				962B1EBD1E383DA9006FE2BD /* Products */,
			);
			sourceTree = "<group>";
		};
		962B1EBD1E383DA9006FE2BD /* Products */ = {
			isa = PBXGroup;
			children = (
				962B1EBC1E383DA9006FE2BD /* spell */,
			);
			name = Products;
			sourceTree = "<group>";
		};
		962B1EBE1E383DA9006FE2BD /* spell */ = {
			isa = PBXGroup;
			children = (
				962B1EBF1E383DAA006FE2BD /* main.swift */,
				962EB7AC1E3CF78D00DD74AC /* ProgramOptions.swift */,
			);
			path = spell;
			sourceTree = "<group>";
		};
/* End PBXGroup section */

/* Begin PBXNativeTarget section */
		962B1EBB1E383DA3006FE2BD /* spell */ = {
			isa = PBXNativeTarget;
			buildConfigurationList = 962B1EC31E383DAA006FE2BD /* Build configuration list for PBXNativeTarget "spell" */;
			buildPhases = (
				962B1EB81E383DA3006FE2BD /* Sources */,
				962B1EB91E383DA3006FE2BD /* Frameworks */,
				962B1EBA1E383DA3006FE2BD /* CopyFiles */,
			);
			buildRules = (
			);
			dependencies = (
			);
			name = spell;
			productName = spell;
			productReference = 962B1EBC1E383DA9006FE2BD /* spell */;
			productType = "com.apple.product-type.tool";
		};
/* End PBXNativeTarget section */

/* Begin PBXProject section */
		962B1EB41E383DA2006FE2BD /* Project object */ = {
			isa = PBXProject;
			attributes = {
				LastSwiftUpdateCheck = 0820;
				LastUpgradeCheck = 0820;
				ORGANIZATIONNAME = "Pei Liang Guo";
				TargetAttributes = {
					962B1EBB1E383DA3006FE2BD = {
						CreatedOnToolsVersion = 8.2.1;
						DevelopmentTeam = B88PJTFAWV;
						ProvisioningStyle = Automatic;
					};
				};
			};
			buildConfigurationList = 962B1EB71E383DA2006FE2BD /* Build configuration list for PBXProject "spell" */;
			compatibilityVersion = "Xcode 3.2";
			developmentRegion = English;
			hasScannedForEncodings = 0;
			knownRegions = (
				en,
			);
			mainGroup = 962B1EB31E383DA1006FE2BD;
			productRefGroup = 962B1EBD1E383DA9006FE2BD /* Products */;
			projectDirPath = "";
			projectRoot = "";
			targets = (
				962B1EBB1E383DA3006FE2BD /* spell */,
			);
		};
/* End PBXProject section */

/* Begin PBXSourcesBuildPhase section */
		962B1EB81E383DA3006FE2BD /* Sources */ = {
			isa = PBXSourcesBuildPhase;
			buildActionMask = 2147483647;
			files = (
				962EB7AD1E3CF78D00DD74AC /* ProgramOptions.swift in Sources */,
				962B1EC01E383DAA006FE2BD /* main.swift in Sources */,
			);
			runOnlyForDeploymentPostprocessing = 0;
		};
/* End PBXSourcesBuildPhase section */

/* Begin XCBuildConfiguration section */
		962B1EC11E383DAA006FE2BD /* Debug */ = {
			isa = XCBuildConfiguration;
			buildSettings = {
				ALWAYS_SEARCH_USER_PATHS = NO;
				CLANG_ANALYZER_NONNULL = YES;
				CLANG_CXX_LANGUAGE_STANDARD = "gnu++0x";
				CLANG_CXX_LIBRARY = "libc++";
				CLANG_ENABLE_MODULES = YES;
				CLANG_ENABLE_OBJC_ARC = YES;
				CLANG_WARN_BOOL_CONVERSION = YES;
				CLANG_WARN_CONSTANT_CONVERSION = YES;
				CLANG_WARN_DIRECT_OBJC_ISA_USAGE = YES_ERROR;
				CLANG_WARN_DOCUMENTATION_COMMENTS = YES;
				CLANG_WARN_EMPTY_BODY = YES;
				CLANG_WARN_ENUM_CONVERSION = YES;
				CLANG_WARN_INFINITE_RECURSION = YES;
				CLANG_WARN_INT_CONVERSION = YES;
				CLANG_WARN_OBJC_ROOT_CLASS = YES_ERROR;
				CLANG_WARN_SUSPICIOUS_MOVE = YES;
				CLANG_WARN_UNREACHABLE_CODE = YES;
				CLANG_WARN__DUPLICATE_METHOD_MATCH = YES;
				CODE_SIGN_IDENTITY = "-";
				COPY_PHASE_STRIP = NO;
				DEBUG_INFORMATION_FORMAT = dwarf;
				ENABLE_STRICT_OBJC_MSGSEND = YES;
				ENABLE_TESTABILITY = YES;
				GCC_C_LANGUAGE_STANDARD = gnu99;
				GCC_DYNAMIC_NO_PIC = NO;
				GCC_NO_COMMON_BLOCKS = YES;
				GCC_OPTIMIZATION_LEVEL = 0;
				GCC_PREPROCESSOR_DEFINITIONS = (
					"DEBUG=1",
					"$(inherited)",
				);
				GCC_WARN_64_TO_32_BIT_CONVERSION = YES;
				GCC_WARN_ABOUT_RETURN_TYPE = YES_ERROR;
				GCC_WARN_UNDECLARED_SELECTOR = YES;
				GCC_WARN_UNINITIALIZED_AUTOS = YES_AGGRESSIVE;
				GCC_WARN_UNUSED_FUNCTION = YES;
				GCC_WARN_UNUSED_VARIABLE = YES;
				MACOSX_DEPLOYMENT_TARGET = 10.12;
				MTL_ENABLE_DEBUG_INFO = YES;
				ONLY_ACTIVE_ARCH = YES;
				SDKROOT = macosx;
				SWIFT_OPTIMIZATION_LEVEL = "-Onone";
			};
			name = Debug;
		};
		962B1EC21E383DAA006FE2BD /* Release */ = {
			isa = XCBuildConfiguration;
			buildSettings = {
				ALWAYS_SEARCH_USER_PATHS = NO;
				CLANG_ANALYZER_NONNULL = YES;
				CLANG_CXX_LANGUAGE_STANDARD = "gnu++0x";
				CLANG_CXX_LIBRARY = "libc++";
				CLANG_ENABLE_MODULES = YES;
				CLANG_ENABLE_OBJC_ARC = YES;
				CLANG_WARN_BOOL_CONVERSION = YES;
				CLANG_WARN_CONSTANT_CONVERSION = YES;
				CLANG_WARN_DIRECT_OBJC_ISA_USAGE = YES_ERROR;
				CLANG_WARN_DOCUMENTATION_COMMENTS = YES;
				CLANG_WARN_EMPTY_BODY = YES;
				CLANG_WARN_ENUM_CONVERSION = YES;
				CLANG_WARN_INFINITE_RECURSION = YES;
				CLANG_WARN_INT_CONVERSION = YES;
				CLANG_WARN_OBJC_ROOT_CLASS = YES_ERROR;
				CLANG_WARN_SUSPICIOUS_MOVE = YES;
				CLANG_WARN_UNREACHABLE_CODE = YES;
				CLANG_WARN__DUPLICATE_METHOD_MATCH = YES;
				CODE_SIGN_IDENTITY = "-";
				COPY_PHASE_STRIP = NO;
				DEBUG_INFORMATION_FORMAT = "dwarf-with-dsym";
				ENABLE_NS_ASSERTIONS = NO;
				ENABLE_STRICT_OBJC_MSGSEND = YES;
				GCC_C_LANGUAGE_STANDARD = gnu99;
				GCC_NO_COMMON_BLOCKS = YES;
				GCC_WARN_64_TO_32_BIT_CONVERSION = YES;
				GCC_WARN_ABOUT_RETURN_TYPE = YES_ERROR;
				GCC_WARN_UNDECLARED_SELECTOR = YES;
				GCC_WARN_UNINITIALIZED_AUTOS = YES_AGGRESSIVE;
				GCC_WARN_UNUSED_FUNCTION = YES;
				GCC_WARN_UNUSED_VARIABLE = YES;
				MACOSX_DEPLOYMENT_TARGET = 10.12;
				MTL_ENABLE_DEBUG_INFO = NO;
				SDKROOT = macosx;
			};
			name = Release;
		};
		962B1EC41E383DAA006FE2BD /* Debug */ = {
			isa = XCBuildConfiguration;
			buildSettings = {
				DEVELOPMENT_TEAM = B88PJTFAWV;
				PRODUCT_NAME = "$(TARGET_NAME)";
				SWIFT_VERSION = 3.0;
			};
			name = Debug;
		};
		962B1EC51E383DAA006FE2BD /* Release */ = {
			isa = XCBuildConfiguration;
			buildSettings = {
				DEVELOPMENT_TEAM = B88PJTFAWV;
				PRODUCT_NAME = "$(TARGET_NAME)";
				SWIFT_VERSION = 3.0;
			};
			name = Release;
		};
/* End XCBuildConfiguration section */

/* Begin XCConfigurationList section */
		962B1EB71E383DA2006FE2BD /* Build configuration list for PBXProject "spell" */ = {
			isa = XCConfigurationList;
			buildConfigurations = (
				962B1EC11E383DAA006FE2BD /* Debug */,
				962B1EC21E383DAA006FE2BD /* Release */,
			);
			defaultConfigurationIsVisible = 0;
			defaultConfigurationName = Release;
		};
		962B1EC31E383DAA006FE2BD /* Build configuration list for PBXNativeTarget "spell" */ = {
			isa = XCConfigurationList;
			buildConfigurations = (
				962B1EC41E383DAA006FE2BD /* Debug */,
				962B1EC51E383DAA006FE2BD /* Release */,
			);
			defaultConfigurationIsVisible = 0;
			defaultConfigurationName = Release;
		};
/* End XCConfigurationList section */
	};
	rootObject = 962B1EB41E383DA2006FE2BD /* Project object */;
}
